
Microsoft Visual Studio Solution File, Format Version 12.00
# Visual Studio Express 2013 for Windows Desktop
VisualStudioVersion = 12.0.31101.0
MinimumVisualStudioVersion = 10.0.40219.1
Project("{FAE04EC0-301F-11D3-BF4B-00C04F79EFBC}") = "NetSuite-AutoCommander.WinForm", "NetSuite-AutoCommander\NetSuite-AutoCommander.WinForm.csproj", "{DFD0A0B3-80D4-4508-AF7F-32F71228B9E6}"
EndProject
Project("{FAE04EC0-301F-11D3-BF4B-00C04F79EFBC}") = "NetSuite-Commands.Contracts", "NetSuite-Commands.Contracts\NetSuite-Commands.Contracts.csproj", "{35207FFD-2FFC-4919-86AE-8CFA29CCF864}"
EndProject
Project("{FAE04EC0-301F-11D3-BF4B-00C04F79EFBC}") = "NetSuite-DefaultImplementations", "NetSuite-DefaultImplementations\NetSuite-DefaultImplementations.csproj", "{34FBEBFB-28D6-4DCA-8A4E-96D85C577F00}"
EndProject
Global
	GlobalSection(SolutionConfigurationPlatforms) = preSolution
		Debug|Any CPU = Debug|Any CPU
		Release|Any CPU = Release|Any CPU
	EndGlobalSection
	GlobalSection(ProjectConfigurationPlatforms) = postSolution
		{DFD0A0B3-80D4-4508-AF7F-32F71228B9E6}.Debug|Any CPU.ActiveCfg = Debug|Any CPU
		{DFD0A0B3-80D4-4508-AF7F-32F71228B9E6}.Debug|Any CPU.Build.0 = Debug|Any CPU
		{DFD0A0B3-80D4-4508-AF7F-32F71228B9E6}.Release|Any CPU.ActiveCfg = Release|Any CPU
		{DFD0A0B3-80D4-4508-AF7F-32F71228B9E6}.Release|Any CPU.Build.0 = Release|Any CPU
		{35207FFD-2FFC-4919-86AE-8CFA29CCF864}.Debug|Any CPU.ActiveCfg = Debug|Any CPU
		{35207FFD-2FFC-4919-86AE-8CFA29CCF864}.Debug|Any CPU.Build.0 = Debug|Any CPU
		{35207FFD-2FFC-4919-86AE-8CFA29CCF864}.Release|Any CPU.ActiveCfg = Release|Any CPU
		{35207FFD-2FFC-4919-86AE-8CFA29CCF864}.Release|Any CPU.Build.0 = Release|Any CPU
		{34FBEBFB-28D6-4DCA-8A4E-96D85C577F00}.Debug|Any CPU.ActiveCfg = Debug|Any CPU
		{34FBEBFB-28D6-4DCA-8A4E-96D85C577F00}.Debug|Any CPU.Build.0 = Debug|Any CPU
		{34FBEBFB-28D6-4DCA-8A4E-96D85C577F00}.Release|Any CPU.ActiveCfg = Release|Any CPU
		{34FBEBFB-28D6-4DCA-8A4E-96D85C577F00}.Release|Any CPU.Build.0 = Release|Any CPU
	EndGlobalSection
	GlobalSection(SolutionProperties) = preSolution
		HideSolutionNode = FALSE
	EndGlobalSection
EndGlobal
